
Microsoft Visual Studio Solution File, Format Version 12.00
# Visual Studio Version 17
VisualStudioVersion = 17.5.33424.131
MinimumVisualStudioVersion = 10.0.40219.1
Project("{FAE04EC0-301F-11D3-BF4B-00C04F79EFBC}") = "Maestro", "Maestro\Maestro.csproj", "{27C51BE3-3E22-4D7E-99C5-99677FC5A22B}"
EndProject
Global
	GlobalSection(SolutionConfigurationPlatforms) = preSolution
		Debug|Any CPU = Debug|Any CPU
		Release|Any CPU = Release|Any CPU
	EndGlobalSection
	GlobalSection(ProjectConfigurationPlatforms) = postSolution
		{27C51BE3-3E22-4D7E-99C5-99677FC5A22B}.Debug|Any CPU.ActiveCfg = Debug|Any CPU
		{27C51BE3-3E22-4D7E-99C5-99677FC5A22B}.Debug|Any CPU.Build.0 = Debug|Any CPU
		{27C51BE3-3E22-4D7E-99C5-99677FC5A22B}.Release|Any CPU.ActiveCfg = Release|Any CPU
		{27C51BE3-3E22-4D7E-99C5-99677FC5A22B}.Release|Any CPU.Build.0 = Release|Any CPU
	EndGlobalSection
	GlobalSection(SolutionProperties) = preSolution
		HideSolutionNode = FALSE
	EndGlobalSection
	GlobalSection(ExtensibilityGlobals) = postSolution
		SolutionGuid = {62EA86C3-B1AE-413F-82D0-61197E58228F}
	EndGlobalSection
EndGlobal
